// !$*UTF8*$!
{
	archiveVersion = 1;
	classes = {
	};
	objectVersion = 50;
	objects = {

/* Begin PBXBuildFile section */
		5FD6E073BF325AAE161EBD59 /* Pods_VIPER_demo.framework in Frameworks */ = {isa = PBXBuildFile; fileRef = 334C1DF5E1AEC80103F509A4 /* Pods_VIPER_demo.framework */; };
		DEFCB854230BE4CA0091C5CF /* AppDelegate.swift in Sources */ = {isa = PBXBuildFile; fileRef = DEFCB853230BE4CA0091C5CF /* AppDelegate.swift */; };
		DEFCB859230BE4CA0091C5CF /* Main.storyboard in Resources */ = {isa = PBXBuildFile; fileRef = DEFCB857230BE4CA0091C5CF /* Main.storyboard */; };
		DEFCB85B230BE4CB0091C5CF /* Assets.xcassets in Resources */ = {isa = PBXBuildFile; fileRef = DEFCB85A230BE4CB0091C5CF /* Assets.xcassets */; };
		DEFCB85E230BE4CB0091C5CF /* LaunchScreen.storyboard in Resources */ = {isa = PBXBuildFile; fileRef = DEFCB85C230BE4CB0091C5CF /* LaunchScreen.storyboard */; };
		DEFCB86D230BE6C80091C5CF /* ProgressIndicator.swift in Sources */ = {isa = PBXBuildFile; fileRef = DEFCB86C230BE6C80091C5CF /* ProgressIndicator.swift */; };
		DEFCB86F230BE6F10091C5CF /* Constants.swift in Sources */ = {isa = PBXBuildFile; fileRef = DEFCB86E230BE6F10091C5CF /* Constants.swift */; };
		DEFCB871230BE76B0091C5CF /* View.swift in Sources */ = {isa = PBXBuildFile; fileRef = DEFCB870230BE76B0091C5CF /* View.swift */; };
		DEFCB87A230BE8DC0091C5CF /* NoticeViewController.swift in Sources */ = {isa = PBXBuildFile; fileRef = DEFCB879230BE8DC0091C5CF /* NoticeViewController.swift */; };
		DEFCB87D230BE9010091C5CF /* NoticeTableViewCell.swift in Sources */ = {isa = PBXBuildFile; fileRef = DEFCB87C230BE9010091C5CF /* NoticeTableViewCell.swift */; };
		DEFCB87F230BE94A0091C5CF /* NoticeProtocols.swift in Sources */ = {isa = PBXBuildFile; fileRef = DEFCB87E230BE94A0091C5CF /* NoticeProtocols.swift */; };
		DEFCB881230BE99A0091C5CF /* Notice.swift in Sources */ = {isa = PBXBuildFile; fileRef = DEFCB880230BE99A0091C5CF /* Notice.swift */; };
		DEFCB883230BEA3D0091C5CF /* NoticeInteractor.swift in Sources */ = {isa = PBXBuildFile; fileRef = DEFCB882230BEA3D0091C5CF /* NoticeInteractor.swift */; };
		DEFCB887230BEB9D0091C5CF /* MovieViewController.swift in Sources */ = {isa = PBXBuildFile; fileRef = DEFCB886230BEB9D0091C5CF /* MovieViewController.swift */; };
		DEFCB889230BEBAF0091C5CF /* NoticeRouter.swift in Sources */ = {isa = PBXBuildFile; fileRef = DEFCB888230BEBAF0091C5CF /* NoticeRouter.swift */; };
		DEFCB88B230BEC3C0091C5CF /* NoticePresenter.swift in Sources */ = {isa = PBXBuildFile; fileRef = DEFCB88A230BEC3C0091C5CF /* NoticePresenter.swift */; };
		DEFCB88D230BED180091C5CF /* Array.swift in Sources */ = {isa = PBXBuildFile; fileRef = DEFCB88C230BED180091C5CF /* Array.swift */; };
		DEFCB890230BEDA00091C5CF /* MovieRouter.swift in Sources */ = {isa = PBXBuildFile; fileRef = DEFCB88F230BEDA00091C5CF /* MovieRouter.swift */; };
		DEFCB897230BF00D0091C5CF /* Movie.swift in Sources */ = {isa = PBXBuildFile; fileRef = DEFCB896230BF00D0091C5CF /* Movie.swift */; };
		DEFCB899230BF0300091C5CF /* MovieProtocols.swift in Sources */ = {isa = PBXBuildFile; fileRef = DEFCB898230BF0300091C5CF /* MovieProtocols.swift */; };
		DEFCB89B230BF0700091C5CF /* MoviePresenter.swift in Sources */ = {isa = PBXBuildFile; fileRef = DEFCB89A230BF0700091C5CF /* MoviePresenter.swift */; };
		DEFCB89D230BF0790091C5CF /* MovieInteractor.swift in Sources */ = {isa = PBXBuildFile; fileRef = DEFCB89C230BF0790091C5CF /* MovieInteractor.swift */; };
		DEFCB8A0230BF15C0091C5CF /* MovieTableViewCell.swift in Sources */ = {isa = PBXBuildFile; fileRef = DEFCB89F230BF15C0091C5CF /* MovieTableViewCell.swift */; };
/* End PBXBuildFile section */

/* Begin PBXFileReference section */
		334C1DF5E1AEC80103F509A4 /* Pods_VIPER_demo.framework */ = {isa = PBXFileReference; explicitFileType = wrapper.framework; includeInIndex = 0; path = Pods_VIPER_demo.framework; sourceTree = BUILT_PRODUCTS_DIR; };
		9DC575877AB159E9B12FE469 /* Pods-VIPER-demo.release.xcconfig */ = {isa = PBXFileReference; includeInIndex = 1; lastKnownFileType = text.xcconfig; name = "Pods-VIPER-demo.release.xcconfig"; path = "Pods/Target Support Files/Pods-VIPER-demo/Pods-VIPER-demo.release.xcconfig"; sourceTree = "<group>"; };
		C0963804FE6AF4255DCFD932 /* Pods-VIPER-demo.debug.xcconfig */ = {isa = PBXFileReference; includeInIndex = 1; lastKnownFileType = text.xcconfig; name = "Pods-VIPER-demo.debug.xcconfig"; path = "Pods/Target Support Files/Pods-VIPER-demo/Pods-VIPER-demo.debug.xcconfig"; sourceTree = "<group>"; };
		DEFCB850230BE4CA0091C5CF /* VIPER-demo.app */ = {isa = PBXFileReference; explicitFileType = wrapper.application; includeInIndex = 0; path = "VIPER-demo.app"; sourceTree = BUILT_PRODUCTS_DIR; };
		DEFCB853230BE4CA0091C5CF /* AppDelegate.swift */ = {isa = PBXFileReference; lastKnownFileType = sourcecode.swift; path = AppDelegate.swift; sourceTree = "<group>"; };
		DEFCB858230BE4CA0091C5CF /* Base */ = {isa = PBXFileReference; lastKnownFileType = file.storyboard; name = Base; path = Base.lproj/Main.storyboard; sourceTree = "<group>"; };
		DEFCB85A230BE4CB0091C5CF /* Assets.xcassets */ = {isa = PBXFileReference; lastKnownFileType = folder.assetcatalog; path = Assets.xcassets; sourceTree = "<group>"; };
		DEFCB85D230BE4CB0091C5CF /* Base */ = {isa = PBXFileReference; lastKnownFileType = file.storyboard; name = Base; path = Base.lproj/LaunchScreen.storyboard; sourceTree = "<group>"; };
		DEFCB85F230BE4CB0091C5CF /* Info.plist */ = {isa = PBXFileReference; lastKnownFileType = text.plist.xml; path = Info.plist; sourceTree = "<group>"; };
		DEFCB86C230BE6C80091C5CF /* ProgressIndicator.swift */ = {isa = PBXFileReference; lastKnownFileType = sourcecode.swift; path = ProgressIndicator.swift; sourceTree = "<group>"; };
		DEFCB86E230BE6F10091C5CF /* Constants.swift */ = {isa = PBXFileReference; lastKnownFileType = sourcecode.swift; path = Constants.swift; sourceTree = "<group>"; };
		DEFCB870230BE76B0091C5CF /* View.swift */ = {isa = PBXFileReference; lastKnownFileType = sourcecode.swift; path = View.swift; sourceTree = "<group>"; };
		DEFCB879230BE8DC0091C5CF /* NoticeViewController.swift */ = {isa = PBXFileReference; lastKnownFileType = sourcecode.swift; path = NoticeViewController.swift; sourceTree = "<group>"; };
		DEFCB87C230BE9010091C5CF /* NoticeTableViewCell.swift */ = {isa = PBXFileReference; lastKnownFileType = sourcecode.swift; path = NoticeTableViewCell.swift; sourceTree = "<group>"; };
		DEFCB87E230BE94A0091C5CF /* NoticeProtocols.swift */ = {isa = PBXFileReference; lastKnownFileType = sourcecode.swift; path = NoticeProtocols.swift; sourceTree = "<group>"; };
		DEFCB880230BE99A0091C5CF /* Notice.swift */ = {isa = PBXFileReference; lastKnownFileType = sourcecode.swift; path = Notice.swift; sourceTree = "<group>"; };
		DEFCB882230BEA3D0091C5CF /* NoticeInteractor.swift */ = {isa = PBXFileReference; lastKnownFileType = sourcecode.swift; path = NoticeInteractor.swift; sourceTree = "<group>"; };
		DEFCB886230BEB9D0091C5CF /* MovieViewController.swift */ = {isa = PBXFileReference; lastKnownFileType = sourcecode.swift; path = MovieViewController.swift; sourceTree = "<group>"; };
		DEFCB888230BEBAF0091C5CF /* NoticeRouter.swift */ = {isa = PBXFileReference; lastKnownFileType = sourcecode.swift; path = NoticeRouter.swift; sourceTree = "<group>"; };
		DEFCB88A230BEC3C0091C5CF /* NoticePresenter.swift */ = {isa = PBXFileReference; lastKnownFileType = sourcecode.swift; path = NoticePresenter.swift; sourceTree = "<group>"; };
		DEFCB88C230BED180091C5CF /* Array.swift */ = {isa = PBXFileReference; lastKnownFileType = sourcecode.swift; path = Array.swift; sourceTree = "<group>"; };
		DEFCB88F230BEDA00091C5CF /* MovieRouter.swift */ = {isa = PBXFileReference; lastKnownFileType = sourcecode.swift; path = MovieRouter.swift; sourceTree = "<group>"; };
		DEFCB896230BF00D0091C5CF /* Movie.swift */ = {isa = PBXFileReference; lastKnownFileType = sourcecode.swift; path = Movie.swift; sourceTree = "<group>"; };
		DEFCB898230BF0300091C5CF /* MovieProtocols.swift */ = {isa = PBXFileReference; lastKnownFileType = sourcecode.swift; path = MovieProtocols.swift; sourceTree = "<group>"; };
		DEFCB89A230BF0700091C5CF /* MoviePresenter.swift */ = {isa = PBXFileReference; lastKnownFileType = sourcecode.swift; path = MoviePresenter.swift; sourceTree = "<group>"; };
		DEFCB89C230BF0790091C5CF /* MovieInteractor.swift */ = {isa = PBXFileReference; lastKnownFileType = sourcecode.swift; path = MovieInteractor.swift; sourceTree = "<group>"; };
		DEFCB89F230BF15C0091C5CF /* MovieTableViewCell.swift */ = {isa = PBXFileReference; lastKnownFileType = sourcecode.swift; path = MovieTableViewCell.swift; sourceTree = "<group>"; };
/* End PBXFileReference section */

/* Begin PBXFrameworksBuildPhase section */
		DEFCB84D230BE4CA0091C5CF /* Frameworks */ = {
			isa = PBXFrameworksBuildPhase;
			buildActionMask = 2147483647;
			files = (
				5FD6E073BF325AAE161EBD59 /* Pods_VIPER_demo.framework in Frameworks */,
			);
			runOnlyForDeploymentPostprocessing = 0;
		};
/* End PBXFrameworksBuildPhase section */

/* Begin PBXGroup section */
		56E65141D7775771FB16BEF8 /* Pods */ = {
			isa = PBXGroup;
			children = (
				C0963804FE6AF4255DCFD932 /* Pods-VIPER-demo.debug.xcconfig */,
				9DC575877AB159E9B12FE469 /* Pods-VIPER-demo.release.xcconfig */,
			);
			name = Pods;
			sourceTree = "<group>";
		};
		5E19C30597CAFDA8478AAB2D /* Frameworks */ = {
			isa = PBXGroup;
			children = (
				334C1DF5E1AEC80103F509A4 /* Pods_VIPER_demo.framework */,
			);
			name = Frameworks;
			sourceTree = "<group>";
		};
		DEFCB847230BE4CA0091C5CF = {
			isa = PBXGroup;
			children = (
				DEFCB852230BE4CA0091C5CF /* VIPER-demo */,
				DEFCB851230BE4CA0091C5CF /* Products */,
				56E65141D7775771FB16BEF8 /* Pods */,
				5E19C30597CAFDA8478AAB2D /* Frameworks */,
			);
			sourceTree = "<group>";
		};
		DEFCB851230BE4CA0091C5CF /* Products */ = {
			isa = PBXGroup;
			children = (
				DEFCB850230BE4CA0091C5CF /* VIPER-demo.app */,
			);
			name = Products;
			sourceTree = "<group>";
		};
		DEFCB852230BE4CA0091C5CF /* VIPER-demo */ = {
			isa = PBXGroup;
			children = (
				DEFCB86A230BE6A70091C5CF /* extensions */,
				DEFCB869230BE64B0091C5CF /* ui */,
				DEFCB867230BE5D00091C5CF /* modules */,
				DEFCB866230BE5C80091C5CF /* settings */,
				DEFCB865230BE5B80091C5CF /* commons */,
				DEFCB85A230BE4CB0091C5CF /* Assets.xcassets */,
				DEFCB85F230BE4CB0091C5CF /* Info.plist */,
			);
			path = "VIPER-demo";
			sourceTree = "<group>";
		};
		DEFCB865230BE5B80091C5CF /* commons */ = {
			isa = PBXGroup;
			children = (
				DEFCB86E230BE6F10091C5CF /* Constants.swift */,
			);
			path = commons;
			sourceTree = "<group>";
		};
		DEFCB866230BE5C80091C5CF /* settings */ = {
			isa = PBXGroup;
			children = (
				DEFCB853230BE4CA0091C5CF /* AppDelegate.swift */,
			);
			path = settings;
			sourceTree = "<group>";
		};
		DEFCB867230BE5D00091C5CF /* modules */ = {
			isa = PBXGroup;
			children = (
				DEFCB884230BEB870091C5CF /* movie */,
				DEFCB872230BE7AD0091C5CF /* notice */,
			);
			path = modules;
			sourceTree = "<group>";
		};
		DEFCB869230BE64B0091C5CF /* ui */ = {
			isa = PBXGroup;
			children = (
				DEFCB86B230BE6B10091C5CF /* customize */,
				DEFCB857230BE4CA0091C5CF /* Main.storyboard */,
				DEFCB85C230BE4CB0091C5CF /* LaunchScreen.storyboard */,
			);
			path = ui;
			sourceTree = "<group>";
		};
		DEFCB86A230BE6A70091C5CF /* extensions */ = {
			isa = PBXGroup;
			children = (
				DEFCB870230BE76B0091C5CF /* View.swift */,
				DEFCB88C230BED180091C5CF /* Array.swift */,
			);
			path = extensions;
			sourceTree = "<group>";
		};
		DEFCB86B230BE6B10091C5CF /* customize */ = {
			isa = PBXGroup;
			children = (
				DEFCB86C230BE6C80091C5CF /* ProgressIndicator.swift */,
			);
			path = customize;
			sourceTree = "<group>";
		};
		DEFCB872230BE7AD0091C5CF /* notice */ = {
			isa = PBXGroup;
			children = (
				DEFCB878230BE7E20091C5CF /* view */,
				DEFCB877230BE7DA0091C5CF /* presenter */,
				DEFCB876230BE7D10091C5CF /* router */,
				DEFCB875230BE7C90091C5CF /* interactor */,
				DEFCB874230BE7C30091C5CF /* entity */,
				DEFCB873230BE7BA0091C5CF /* protocols */,
			);
			path = notice;
			sourceTree = "<group>";
		};
		DEFCB873230BE7BA0091C5CF /* protocols */ = {
			isa = PBXGroup;
			children = (
				DEFCB87E230BE94A0091C5CF /* NoticeProtocols.swift */,
			);
			path = protocols;
			sourceTree = "<group>";
		};
		DEFCB874230BE7C30091C5CF /* entity */ = {
			isa = PBXGroup;
			children = (
				DEFCB880230BE99A0091C5CF /* Notice.swift */,
			);
			path = entity;
			sourceTree = "<group>";
		};
		DEFCB875230BE7C90091C5CF /* interactor */ = {
			isa = PBXGroup;
			children = (
				DEFCB882230BEA3D0091C5CF /* NoticeInteractor.swift */,
			);
			path = interactor;
			sourceTree = "<group>";
		};
		DEFCB876230BE7D10091C5CF /* router */ = {
			isa = PBXGroup;
			children = (
				DEFCB888230BEBAF0091C5CF /* NoticeRouter.swift */,
			);
			path = router;
			sourceTree = "<group>";
		};
		DEFCB877230BE7DA0091C5CF /* presenter */ = {
			isa = PBXGroup;
			children = (
				DEFCB88A230BEC3C0091C5CF /* NoticePresenter.swift */,
			);
			path = presenter;
			sourceTree = "<group>";
		};
		DEFCB878230BE7E20091C5CF /* view */ = {
			isa = PBXGroup;
			children = (
				DEFCB87B230BE8E80091C5CF /* cells */,
				DEFCB879230BE8DC0091C5CF /* NoticeViewController.swift */,
			);
			path = view;
			sourceTree = "<group>";
		};
		DEFCB87B230BE8E80091C5CF /* cells */ = {
			isa = PBXGroup;
			children = (
				DEFCB87C230BE9010091C5CF /* NoticeTableViewCell.swift */,
			);
			path = cells;
			sourceTree = "<group>";
		};
		DEFCB884230BEB870091C5CF /* movie */ = {
			isa = PBXGroup;
			children = (
				DEFCB895230BF0030091C5CF /* entity */,
				DEFCB893230BEFE90091C5CF /* presenter */,
				DEFCB892230BEFDF0091C5CF /* interactor */,
				DEFCB891230BEFD80091C5CF /* protocols */,
				DEFCB88E230BED910091C5CF /* router */,
				DEFCB885230BEB8C0091C5CF /* view */,
			);
			path = movie;
			sourceTree = "<group>";
		};
		DEFCB885230BEB8C0091C5CF /* view */ = {
			isa = PBXGroup;
			children = (
				DEFCB89E230BF1460091C5CF /* cells */,
				DEFCB886230BEB9D0091C5CF /* MovieViewController.swift */,
			);
			path = view;
			sourceTree = "<group>";
		};
		DEFCB88E230BED910091C5CF /* router */ = {
			isa = PBXGroup;
			children = (
				DEFCB88F230BEDA00091C5CF /* MovieRouter.swift */,
			);
			path = router;
			sourceTree = "<group>";
		};
		DEFCB891230BEFD80091C5CF /* protocols */ = {
			isa = PBXGroup;
			children = (
				DEFCB898230BF0300091C5CF /* MovieProtocols.swift */,
			);
			path = protocols;
			sourceTree = "<group>";
		};
		DEFCB892230BEFDF0091C5CF /* interactor */ = {
			isa = PBXGroup;
			children = (
				DEFCB89C230BF0790091C5CF /* MovieInteractor.swift */,
			);
			path = interactor;
			sourceTree = "<group>";
		};
		DEFCB893230BEFE90091C5CF /* presenter */ = {
			isa = PBXGroup;
			children = (
				DEFCB89A230BF0700091C5CF /* MoviePresenter.swift */,
			);
			path = presenter;
			sourceTree = "<group>";
		};
		DEFCB895230BF0030091C5CF /* entity */ = {
			isa = PBXGroup;
			children = (
				DEFCB896230BF00D0091C5CF /* Movie.swift */,
			);
			path = entity;
			sourceTree = "<group>";
		};
		DEFCB89E230BF1460091C5CF /* cells */ = {
			isa = PBXGroup;
			children = (
				DEFCB89F230BF15C0091C5CF /* MovieTableViewCell.swift */,
			);
			path = cells;
			sourceTree = "<group>";
		};
/* End PBXGroup section */

/* Begin PBXNativeTarget section */
		DEFCB84F230BE4CA0091C5CF /* VIPER-demo */ = {
			isa = PBXNativeTarget;
			buildConfigurationList = DEFCB862230BE4CB0091C5CF /* Build configuration list for PBXNativeTarget "VIPER-demo" */;
			buildPhases = (
				B564D3447AC1A86E0605DF42 /* [CP] Check Pods Manifest.lock */,
				DEFCB84C230BE4CA0091C5CF /* Sources */,
				DEFCB84D230BE4CA0091C5CF /* Frameworks */,
				DEFCB84E230BE4CA0091C5CF /* Resources */,
				24FAEDFB24205E58E3FCB5A9 /* [CP] Embed Pods Frameworks */,
			);
			buildRules = (
			);
			dependencies = (
			);
			name = "VIPER-demo";
			productName = "VIPER-demo";
			productReference = DEFCB850230BE4CA0091C5CF /* VIPER-demo.app */;
			productType = "com.apple.product-type.application";
		};
/* End PBXNativeTarget section */

/* Begin PBXProject section */
		DEFCB848230BE4CA0091C5CF /* Project object */ = {
			isa = PBXProject;
			attributes = {
				LastSwiftUpdateCheck = 1020;
				LastUpgradeCheck = 1020;
				ORGANIZATIONNAME = Alatin;
				TargetAttributes = {
					DEFCB84F230BE4CA0091C5CF = {
						CreatedOnToolsVersion = 10.2.1;
					};
				};
			};
			buildConfigurationList = DEFCB84B230BE4CA0091C5CF /* Build configuration list for PBXProject "VIPER-demo" */;
			compatibilityVersion = "Xcode 9.3";
			developmentRegion = en;
			hasScannedForEncodings = 0;
			knownRegions = (
				en,
				Base,
			);
			mainGroup = DEFCB847230BE4CA0091C5CF;
			productRefGroup = DEFCB851230BE4CA0091C5CF /* Products */;
			projectDirPath = "";
			projectRoot = "";
			targets = (
				DEFCB84F230BE4CA0091C5CF /* VIPER-demo */,
			);
		};
/* End PBXProject section */

/* Begin PBXResourcesBuildPhase section */
		DEFCB84E230BE4CA0091C5CF /* Resources */ = {
			isa = PBXResourcesBuildPhase;
			buildActionMask = 2147483647;
			files = (
				DEFCB85E230BE4CB0091C5CF /* LaunchScreen.storyboard in Resources */,
				DEFCB85B230BE4CB0091C5CF /* Assets.xcassets in Resources */,
				DEFCB859230BE4CA0091C5CF /* Main.storyboard in Resources */,
			);
			runOnlyForDeploymentPostprocessing = 0;
		};
/* End PBXResourcesBuildPhase section */

/* Begin PBXShellScriptBuildPhase section */
		24FAEDFB24205E58E3FCB5A9 /* [CP] Embed Pods Frameworks */ = {
			isa = PBXShellScriptBuildPhase;
			buildActionMask = 2147483647;
			files = (
			);
			inputFileListPaths = (
			);
			inputPaths = (
				"${SRCROOT}/Pods/Target Support Files/Pods-VIPER-demo/Pods-VIPER-demo-frameworks.sh",
				"${BUILT_PRODUCTS_DIR}/Alamofire/Alamofire.framework",
				"${BUILT_PRODUCTS_DIR}/AlamofireImage/AlamofireImage.framework",
				"${BUILT_PRODUCTS_DIR}/AlamofireObjectMapper/AlamofireObjectMapper.framework",
				"${BUILT_PRODUCTS_DIR}/ObjectMapper/ObjectMapper.framework",
			);
			name = "[CP] Embed Pods Frameworks";
			outputFileListPaths = (
			);
			outputPaths = (
				"${TARGET_BUILD_DIR}/${FRAMEWORKS_FOLDER_PATH}/Alamofire.framework",
				"${TARGET_BUILD_DIR}/${FRAMEWORKS_FOLDER_PATH}/AlamofireImage.framework",
				"${TARGET_BUILD_DIR}/${FRAMEWORKS_FOLDER_PATH}/AlamofireObjectMapper.framework",
				"${TARGET_BUILD_DIR}/${FRAMEWORKS_FOLDER_PATH}/ObjectMapper.framework",
			);
			runOnlyForDeploymentPostprocessing = 0;
			shellPath = /bin/sh;
			shellScript = "\"${SRCROOT}/Pods/Target Support Files/Pods-VIPER-demo/Pods-VIPER-demo-frameworks.sh\"\n";
			showEnvVarsInLog = 0;
		};
		B564D3447AC1A86E0605DF42 /* [CP] Check Pods Manifest.lock */ = {
			isa = PBXShellScriptBuildPhase;
			buildActionMask = 2147483647;
			files = (
			);
			inputFileListPaths = (
			);
			inputPaths = (
				"${PODS_PODFILE_DIR_PATH}/Podfile.lock",
				"${PODS_ROOT}/Manifest.lock",
			);
			name = "[CP] Check Pods Manifest.lock";
			outputFileListPaths = (
			);
			outputPaths = (
				"$(DERIVED_FILE_DIR)/Pods-VIPER-demo-checkManifestLockResult.txt",
			);
			runOnlyForDeploymentPostprocessing = 0;
			shellPath = /bin/sh;
			shellScript = "diff \"${PODS_PODFILE_DIR_PATH}/Podfile.lock\" \"${PODS_ROOT}/Manifest.lock\" > /dev/null\nif [ $? != 0 ] ; then\n    # print error to STDERR\n    echo \"error: The sandbox is not in sync with the Podfile.lock. Run 'pod install' or update your CocoaPods installation.\" >&2\n    exit 1\nfi\n# This output is used by Xcode 'outputs' to avoid re-running this script phase.\necho \"SUCCESS\" > \"${SCRIPT_OUTPUT_FILE_0}\"\n";
			showEnvVarsInLog = 0;
		};
/* End PBXShellScriptBuildPhase section */

/* Begin PBXSourcesBuildPhase section */
		DEFCB84C230BE4CA0091C5CF /* Sources */ = {
			isa = PBXSourcesBuildPhase;
			buildActionMask = 2147483647;
			files = (
				DEFCB871230BE76B0091C5CF /* View.swift in Sources */,
				DEFCB887230BEB9D0091C5CF /* MovieViewController.swift in Sources */,
				DEFCB88B230BEC3C0091C5CF /* NoticePresenter.swift in Sources */,
				DEFCB881230BE99A0091C5CF /* Notice.swift in Sources */,
				DEFCB899230BF0300091C5CF /* MovieProtocols.swift in Sources */,
				DEFCB883230BEA3D0091C5CF /* NoticeInteractor.swift in Sources */,
				DEFCB86D230BE6C80091C5CF /* ProgressIndicator.swift in Sources */,
				DEFCB854230BE4CA0091C5CF /* AppDelegate.swift in Sources */,
				DEFCB86F230BE6F10091C5CF /* Constants.swift in Sources */,
				DEFCB87A230BE8DC0091C5CF /* NoticeViewController.swift in Sources */,
				DEFCB890230BEDA00091C5CF /* MovieRouter.swift in Sources */,
				DEFCB88D230BED180091C5CF /* Array.swift in Sources */,
				DEFCB87F230BE94A0091C5CF /* NoticeProtocols.swift in Sources */,
				DEFCB89D230BF0790091C5CF /* MovieInteractor.swift in Sources */,
				DEFCB8A0230BF15C0091C5CF /* MovieTableViewCell.swift in Sources */,
				DEFCB889230BEBAF0091C5CF /* NoticeRouter.swift in Sources */,
				DEFCB87D230BE9010091C5CF /* NoticeTableViewCell.swift in Sources */,
				DEFCB89B230BF0700091C5CF /* MoviePresenter.swift in Sources */,
				DEFCB897230BF00D0091C5CF /* Movie.swift in Sources */,
			);
			runOnlyForDeploymentPostprocessing = 0;
		};
/* End PBXSourcesBuildPhase section */

/* Begin PBXVariantGroup section */
		DEFCB857230BE4CA0091C5CF /* Main.storyboard */ = {
			isa = PBXVariantGroup;
			children = (
				DEFCB858230BE4CA0091C5CF /* Base */,
			);
			name = Main.storyboard;
			sourceTree = "<group>";
		};
		DEFCB85C230BE4CB0091C5CF /* LaunchScreen.storyboard */ = {
			isa = PBXVariantGroup;
			children = (
				DEFCB85D230BE4CB0091C5CF /* Base */,
			);
			name = LaunchScreen.storyboard;
			sourceTree = "<group>";
		};
/* End PBXVariantGroup section */

/* Begin XCBuildConfiguration section */
		DEFCB860230BE4CB0091C5CF /* Debug */ = {
			isa = XCBuildConfiguration;
			buildSettings = {
				ALWAYS_SEARCH_USER_PATHS = NO;
				CLANG_ANALYZER_NONNULL = YES;
				CLANG_ANALYZER_NUMBER_OBJECT_CONVERSION = YES_AGGRESSIVE;
				CLANG_CXX_LANGUAGE_STANDARD = "gnu++14";
				CLANG_CXX_LIBRARY = "libc++";
				CLANG_ENABLE_MODULES = YES;
				CLANG_ENABLE_OBJC_ARC = YES;
				CLANG_ENABLE_OBJC_WEAK = YES;
				CLANG_WARN_BLOCK_CAPTURE_AUTORELEASING = YES;
				CLANG_WARN_BOOL_CONVERSION = YES;
				CLANG_WARN_COMMA = YES;
				CLANG_WARN_CONSTANT_CONVERSION = YES;
				CLANG_WARN_DEPRECATED_OBJC_IMPLEMENTATIONS = YES;
				CLANG_WARN_DIRECT_OBJC_ISA_USAGE = YES_ERROR;
				CLANG_WARN_DOCUMENTATION_COMMENTS = YES;
				CLANG_WARN_EMPTY_BODY = YES;
				CLANG_WARN_ENUM_CONVERSION = YES;
				CLANG_WARN_INFINITE_RECURSION = YES;
				CLANG_WARN_INT_CONVERSION = YES;
				CLANG_WARN_NON_LITERAL_NULL_CONVERSION = YES;
				CLANG_WARN_OBJC_IMPLICIT_RETAIN_SELF = YES;
				CLANG_WARN_OBJC_LITERAL_CONVERSION = YES;
				CLANG_WARN_OBJC_ROOT_CLASS = YES_ERROR;
				CLANG_WARN_RANGE_LOOP_ANALYSIS = YES;
				CLANG_WARN_STRICT_PROTOTYPES = YES;
				CLANG_WARN_SUSPICIOUS_MOVE = YES;
				CLANG_WARN_UNGUARDED_AVAILABILITY = YES_AGGRESSIVE;
				CLANG_WARN_UNREACHABLE_CODE = YES;
				CLANG_WARN__DUPLICATE_METHOD_MATCH = YES;
				CODE_SIGN_IDENTITY = "iPhone Developer";
				COPY_PHASE_STRIP = NO;
				DEBUG_INFORMATION_FORMAT = dwarf;
				ENABLE_STRICT_OBJC_MSGSEND = YES;
				ENABLE_TESTABILITY = YES;
				GCC_C_LANGUAGE_STANDARD = gnu11;
				GCC_DYNAMIC_NO_PIC = NO;
				GCC_NO_COMMON_BLOCKS = YES;
				GCC_OPTIMIZATION_LEVEL = 0;
				GCC_PREPROCESSOR_DEFINITIONS = (
					"DEBUG=1",
					"$(inherited)",
				);
				GCC_WARN_64_TO_32_BIT_CONVERSION = YES;
				GCC_WARN_ABOUT_RETURN_TYPE = YES_ERROR;
				GCC_WARN_UNDECLARED_SELECTOR = YES;
				GCC_WARN_UNINITIALIZED_AUTOS = YES_AGGRESSIVE;
				GCC_WARN_UNUSED_FUNCTION = YES;
				GCC_WARN_UNUSED_VARIABLE = YES;
				IPHONEOS_DEPLOYMENT_TARGET = 12.2;
				MTL_ENABLE_DEBUG_INFO = INCLUDE_SOURCE;
				MTL_FAST_MATH = YES;
				ONLY_ACTIVE_ARCH = YES;
				SDKROOT = iphoneos;
				SWIFT_ACTIVE_COMPILATION_CONDITIONS = DEBUG;
				SWIFT_OPTIMIZATION_LEVEL = "-Onone";
			};
			name = Debug;
		};
		DEFCB861230BE4CB0091C5CF /* Release */ = {
			isa = XCBuildConfiguration;
			buildSettings = {
				ALWAYS_SEARCH_USER_PATHS = NO;
				CLANG_ANALYZER_NONNULL = YES;
				CLANG_ANALYZER_NUMBER_OBJECT_CONVERSION = YES_AGGRESSIVE;
				CLANG_CXX_LANGUAGE_STANDARD = "gnu++14";
				CLANG_CXX_LIBRARY = "libc++";
				CLANG_ENABLE_MODULES = YES;
				CLANG_ENABLE_OBJC_ARC = YES;
				CLANG_ENABLE_OBJC_WEAK = YES;
				CLANG_WARN_BLOCK_CAPTURE_AUTORELEASING = YES;
				CLANG_WARN_BOOL_CONVERSION = YES;
				CLANG_WARN_COMMA = YES;
				CLANG_WARN_CONSTANT_CONVERSION = YES;
				CLANG_WARN_DEPRECATED_OBJC_IMPLEMENTATIONS = YES;
				CLANG_WARN_DIRECT_OBJC_ISA_USAGE = YES_ERROR;
				CLANG_WARN_DOCUMENTATION_COMMENTS = YES;
				CLANG_WARN_EMPTY_BODY = YES;
				CLANG_WARN_ENUM_CONVERSION = YES;
				CLANG_WARN_INFINITE_RECURSION = YES;
				CLANG_WARN_INT_CONVERSION = YES;
				CLANG_WARN_NON_LITERAL_NULL_CONVERSION = YES;
				CLANG_WARN_OBJC_IMPLICIT_RETAIN_SELF = YES;
				CLANG_WARN_OBJC_LITERAL_CONVERSION = YES;
				CLANG_WARN_OBJC_ROOT_CLASS = YES_ERROR;
				CLANG_WARN_RANGE_LOOP_ANALYSIS = YES;
				CLANG_WARN_STRICT_PROTOTYPES = YES;
				CLANG_WARN_SUSPICIOUS_MOVE = YES;
				CLANG_WARN_UNGUARDED_AVAILABILITY = YES_AGGRESSIVE;
				CLANG_WARN_UNREACHABLE_CODE = YES;
				CLANG_WARN__DUPLICATE_METHOD_MATCH = YES;
				CODE_SIGN_IDENTITY = "iPhone Developer";
				COPY_PHASE_STRIP = NO;
				DEBUG_INFORMATION_FORMAT = "dwarf-with-dsym";
				ENABLE_NS_ASSERTIONS = NO;
				ENABLE_STRICT_OBJC_MSGSEND = YES;
				GCC_C_LANGUAGE_STANDARD = gnu11;
				GCC_NO_COMMON_BLOCKS = YES;
				GCC_WARN_64_TO_32_BIT_CONVERSION = YES;
				GCC_WARN_ABOUT_RETURN_TYPE = YES_ERROR;
				GCC_WARN_UNDECLARED_SELECTOR = YES;
				GCC_WARN_UNINITIALIZED_AUTOS = YES_AGGRESSIVE;
				GCC_WARN_UNUSED_FUNCTION = YES;
				GCC_WARN_UNUSED_VARIABLE = YES;
				IPHONEOS_DEPLOYMENT_TARGET = 12.2;
				MTL_ENABLE_DEBUG_INFO = NO;
				MTL_FAST_MATH = YES;
				SDKROOT = iphoneos;
				SWIFT_COMPILATION_MODE = wholemodule;
				SWIFT_OPTIMIZATION_LEVEL = "-O";
				VALIDATE_PRODUCT = YES;
			};
			name = Release;
		};
		DEFCB863230BE4CB0091C5CF /* Debug */ = {
			isa = XCBuildConfiguration;
			baseConfigurationReference = C0963804FE6AF4255DCFD932 /* Pods-VIPER-demo.debug.xcconfig */;
			buildSettings = {
				ASSETCATALOG_COMPILER_APPICON_NAME = AppIcon;
				CODE_SIGN_STYLE = Automatic;
				DEVELOPMENT_TEAM = 4J8WSCVQ98;
				INFOPLIST_FILE = "VIPER-demo/Info.plist";
				LD_RUNPATH_SEARCH_PATHS = (
					"$(inherited)",
					"@executable_path/Frameworks",
				);
				PRODUCT_BUNDLE_IDENTIFIER = "com.alatin.VIPER-demo";
				PRODUCT_NAME = "$(TARGET_NAME)";
				SWIFT_VERSION = 5.0;
				TARGETED_DEVICE_FAMILY = "1,2";
			};
			name = Debug;
		};
		DEFCB864230BE4CB0091C5CF /* Release */ = {
			isa = XCBuildConfiguration;
			baseConfigurationReference = 9DC575877AB159E9B12FE469 /* Pods-VIPER-demo.release.xcconfig */;
			buildSettings = {
				ASSETCATALOG_COMPILER_APPICON_NAME = AppIcon;
				CODE_SIGN_STYLE = Automatic;
				DEVELOPMENT_TEAM = 4J8WSCVQ98;
				INFOPLIST_FILE = "VIPER-demo/Info.plist";
				LD_RUNPATH_SEARCH_PATHS = (
					"$(inherited)",
					"@executable_path/Frameworks",
				);
				PRODUCT_BUNDLE_IDENTIFIER = "com.alatin.VIPER-demo";
				PRODUCT_NAME = "$(TARGET_NAME)";
				SWIFT_VERSION = 5.0;
				TARGETED_DEVICE_FAMILY = "1,2";
			};
			name = Release;
		};
/* End XCBuildConfiguration section */

/* Begin XCConfigurationList section */
		DEFCB84B230BE4CA0091C5CF /* Build configuration list for PBXProject "VIPER-demo" */ = {
			isa = XCConfigurationList;
			buildConfigurations = (
				DEFCB860230BE4CB0091C5CF /* Debug */,
				DEFCB861230BE4CB0091C5CF /* Release */,
			);
			defaultConfigurationIsVisible = 0;
			defaultConfigurationName = Release;
		};
		DEFCB862230BE4CB0091C5CF /* Build configuration list for PBXNativeTarget "VIPER-demo" */ = {
			isa = XCConfigurationList;
			buildConfigurations = (
				DEFCB863230BE4CB0091C5CF /* Debug */,
				DEFCB864230BE4CB0091C5CF /* Release */,
			);
			defaultConfigurationIsVisible = 0;
			defaultConfigurationName = Release;
		};
/* End XCConfigurationList section */
	};
	rootObject = DEFCB848230BE4CA0091C5CF /* Project object */;
}
